
Microsoft Visual Studio Solution File, Format Version 12.00
# Visual Studio Version 17
VisualStudioVersion = 17.0.31903.59
MinimumVisualStudioVersion = 10.0.40219.1
Project("{FAE04EC0-301F-11D3-BF4B-00C04F79EFBC}") = "HelloCSharp", "HelloCSharp.csproj", "{A3CBB5DC-8081-4DF9-8185-9D8CA0866428}"
EndProject
Global
	GlobalSection(SolutionConfigurationPlatforms) = preSolution
		Debug|Any CPU = Debug|Any CPU
		Release|Any CPU = Release|Any CPU
	EndGlobalSection
	GlobalSection(ProjectConfigurationPlatforms) = postSolution
		{A3CBB5DC-8081-4DF9-8185-9D8CA0866428}.Debug|Any CPU.ActiveCfg = Debug|Any CPU
		{A3CBB5DC-8081-4DF9-8185-9D8CA0866428}.Debug|Any CPU.Build.0 = Debug|Any CPU
		{A3CBB5DC-8081-4DF9-8185-9D8CA0866428}.Release|Any CPU.ActiveCfg = Release|Any CPU
		{A3CBB5DC-8081-4DF9-8185-9D8CA0866428}.Release|Any CPU.Build.0 = Release|Any CPU
	EndGlobalSection
	GlobalSection(SolutionProperties) = preSolution
		HideSolutionNode = FALSE
	EndGlobalSection
	GlobalSection(ExtensibilityGlobals) = postSolution
		SolutionGuid = {96F145D3-9613-4A2E-8265-CEE3A52C0056}
	EndGlobalSection
EndGlobal
